
Microsoft Visual Studio Solution File, Format Version 12.00
# Visual Studio 15
VisualStudioVersion = 15.0.28307.645
MinimumVisualStudioVersion = 10.0.40219.1
Project("{FAE04EC0-301F-11D3-BF4B-00C04F79EFBC}") = "使用类和对象探索面向对象的编程", "NETBasics\使用类和对象探索面向对象的编程\使用类和对象探索面向对象的编程.csproj", "{05B73547-168C-4313-915F-395303F05820}"
EndProject
Project("{2150E333-8FDC-42A3-9474-1A3956D46DE8}") = "NETBasics", "NETBasics", "{AB523D86-EB43-4A2A-9ADC-188754DD7D93}"
EndProject
Project("{2150E333-8FDC-42A3-9474-1A3956D46DE8}") = "WCF", "WCF", "{A0BD6AA4-C84C-4288-8933-C2F984D92D1D}"
EndProject
Project("{2150E333-8FDC-42A3-9474-1A3956D46DE8}") = "HelloWCF", "HelloWCF", "{5A4B2193-C673-4282-8382-D11707AF6305}"
EndProject
Project("{2150E333-8FDC-42A3-9474-1A3956D46DE8}") = "WCFInteractionMode", "WCFInteractionMode", "{64133EEA-92B8-4E47-AFD2-87B2045CB306}"
EndProject
Project("{FAE04EC0-301F-11D3-BF4B-00C04F79EFBC}") = "ServiceWCFClient", "WCF\HelloWCF\ServiceWCFClient\ServiceWCFClient.csproj", "{F94E26E0-C5D6-405F-A992-B035EEE5E8E1}"
EndProject
Project("{FAE04EC0-301F-11D3-BF4B-00C04F79EFBC}") = "ServiceWCFHost", "WCF\HelloWCF\ServiceWCFHost\ServiceWCFHost.csproj", "{ACE44FD9-D508-4F38-A80E-5DECDDC0CEAB}"
EndProject
Project("{FAE04EC0-301F-11D3-BF4B-00C04F79EFBC}") = "ServiceWCFService", "WCF\HelloWCF\ServiceWCFService\ServiceWCFService.csproj", "{6B3B47AE-8147-4860-AE35-8446816FFC7F}"
EndProject
Project("{2150E333-8FDC-42A3-9474-1A3956D46DE8}") = "请求响应", "请求响应", "{8890E151-622B-4032-B114-BDE308E57D1A}"
EndProject
Project("{2150E333-8FDC-42A3-9474-1A3956D46DE8}") = "数据报模式", "数据报模式", "{1D4B77D5-C940-4993-9115-B41F5C154D24}"
EndProject
Project("{FAE04EC0-301F-11D3-BF4B-00C04F79EFBC}") = "Input", "WCF\WCFInteractionMode\数据报模式\Input\Input.csproj", "{0EAC350D-ED25-4AD1-A528-8B8580B3D5E9}"
EndProject
Project("{FAE04EC0-301F-11D3-BF4B-00C04F79EFBC}") = "Output", "WCF\WCFInteractionMode\数据报模式\Output\Output.csproj", "{1A5FB5CA-4F77-4CAE-BE0F-7462FB6D7E27}"
EndProject
Project("{2150E333-8FDC-42A3-9474-1A3956D46DE8}") = "医疗自动化管理系统", "医疗自动化管理系统", "{5C43F529-E518-4B4A-B65F-EACD9C2A1471}"
EndProject
Project("{FAE04EC0-301F-11D3-BF4B-00C04F79EFBC}") = "ServiceDefinition", "WCF\医疗自动化管理系统\ServiceDefinition\ServiceDefinition.csproj", "{47813637-25FE-429C-95BC-933AAB54DBFB}"
EndProject
Project("{FAE04EC0-301F-11D3-BF4B-00C04F79EFBC}") = "ControlConsole", "WCF\医疗自动化管理系统\ControlConsole\ControlConsole.csproj", "{5DCF3D80-E919-47EC-B951-DC514DABB6BE}"
EndProject
Project("{FAE04EC0-301F-11D3-BF4B-00C04F79EFBC}") = "Injector", "WCF\医疗自动化管理系统\Injector\Injector.csproj", "{82215A74-3298-4EAE-8A43-E21EC9600C78}"
EndProject
Project("{FAE04EC0-301F-11D3-BF4B-00C04F79EFBC}") = "Input", "WCF\WCFInteractionMode\请求响应\Input\Input.csproj", "{50B2D6DF-B874-4646-8FF9-3E847B8F1A20}"
EndProject
Project("{FAE04EC0-301F-11D3-BF4B-00C04F79EFBC}") = "Output", "WCF\WCFInteractionMode\请求响应\OutPut\Output.csproj", "{9B719E8B-8F02-401C-91E5-7747DBBA8270}"
EndProject
Project("{2150E333-8FDC-42A3-9474-1A3956D46DE8}") = "双工通信", "双工通信", "{25C6148C-5BE9-4DC9-9123-5B45E22792DA}"
EndProject
Project("{FAE04EC0-301F-11D3-BF4B-00C04F79EFBC}") = "DuplexSenderOne", "WCF\WCFInteractionMode\双工通信\DuplexSenderOne\DuplexSenderOne.csproj", "{28D56C2C-1BAF-42E1-8D44-D046F3ED0711}"
EndProject
Project("{FAE04EC0-301F-11D3-BF4B-00C04F79EFBC}") = "DuplexSenderTwo", "WCF\WCFInteractionMode\双工通信\DuplexSenderTwo\DuplexSenderTwo.csproj", "{BDA8633B-59C8-4101-BEB0-96E0ADE08C8F}"
EndProject
Project("{2150E333-8FDC-42A3-9474-1A3956D46DE8}") = "通道形状改变", "通道形状改变", "{33B2AE7C-7601-4070-9997-D37F6DC9322D}"
EndProject
Project("{FAE04EC0-301F-11D3-BF4B-00C04F79EFBC}") = "ChannelShapeChange", "WCF\WCFInteractionMode\通道形状变化\ChannelShapeChange\ChannelShapeChange.csproj", "{42ED0460-BF18-42EA-BD96-C2A3F15E01C4}"
EndProject
Project("{FAE04EC0-301F-11D3-BF4B-00C04F79EFBC}") = "模拟按键", "NETBasics\按键模拟\模拟按键\模拟按键.csproj", "{FB4DA725-E01A-45EC-BB1F-958F59497632}"
EndProject
Project("{2150E333-8FDC-42A3-9474-1A3956D46DE8}") = "BlendExample", "BlendExample", "{F6163819-FE40-4A0F-8010-CE96CE5C7199}"
EndProject
Project("{FAE04EC0-301F-11D3-BF4B-00C04F79EFBC}") = "BlendExample", "Blend\BlendExample\BlendExample.csproj", "{4A6FC193-5D0F-4694-9D8B-9AC2BAC70165}"
EndProject
Project("{2150E333-8FDC-42A3-9474-1A3956D46DE8}") = "通道管理器", "通道管理器", "{185E3773-AE9F-4A82-9E87-7FEAB6100757}"
EndProject
Project("{FAE04EC0-301F-11D3-BF4B-00C04F79EFBC}") = "IChannelListenerAndIChannelFacoty", "WCF\WCFInteractionMode\通道管理器\IChannelListenerAndIChannelFacoty\IChannelListenerAndIChannelFacoty.csproj", "{655AEA5A-E23B-49B5-B3C8-9C9E00DBAE5D}"
EndProject
Project("{FAE04EC0-301F-11D3-BF4B-00C04F79EFBC}") = "系统锁屏合盖事件监听", "NETBasics\系统锁屏合盖事件监听\系统锁屏合盖事件监听.csproj", "{0C46A87C-F46E-40B3-901F-437838751260}"
EndProject
Project("{FAE04EC0-301F-11D3-BF4B-00C04F79EFBC}") = "Helloword", "UWP\Helloword\Helloword.csproj", "{921E1303-9C0B-4202-B440-EB78D88827B4}"
EndProject
Global
	GlobalSection(SolutionConfigurationPlatforms) = preSolution
		Debug|Any CPU = Debug|Any CPU
		Debug|ARM = Debug|ARM
		Debug|ARM64 = Debug|ARM64
		Debug|x64 = Debug|x64
		Debug|x86 = Debug|x86
		Release|Any CPU = Release|Any CPU
		Release|ARM = Release|ARM
		Release|ARM64 = Release|ARM64
		Release|x64 = Release|x64
		Release|x86 = Release|x86
	EndGlobalSection
	GlobalSection(ProjectConfigurationPlatforms) = postSolution
		{05B73547-168C-4313-915F-395303F05820}.Debug|Any CPU.ActiveCfg = Debug|Any CPU
		{05B73547-168C-4313-915F-395303F05820}.Debug|Any CPU.Build.0 = Debug|Any CPU
		{05B73547-168C-4313-915F-395303F05820}.Debug|ARM.ActiveCfg = Debug|Any CPU
		{05B73547-168C-4313-915F-395303F05820}.Debug|ARM.Build.0 = Debug|Any CPU
		{05B73547-168C-4313-915F-395303F05820}.Debug|ARM64.ActiveCfg = Debug|Any CPU
		{05B73547-168C-4313-915F-395303F05820}.Debug|ARM64.Build.0 = Debug|Any CPU
		{05B73547-168C-4313-915F-395303F05820}.Debug|x64.ActiveCfg = Debug|Any CPU
		{05B73547-168C-4313-915F-395303F05820}.Debug|x64.Build.0 = Debug|Any CPU
		{05B73547-168C-4313-915F-395303F05820}.Debug|x86.ActiveCfg = Debug|Any CPU
		{05B73547-168C-4313-915F-395303F05820}.Debug|x86.Build.0 = Debug|Any CPU
		{05B73547-168C-4313-915F-395303F05820}.Release|Any CPU.ActiveCfg = Release|Any CPU
		{05B73547-168C-4313-915F-395303F05820}.Release|Any CPU.Build.0 = Release|Any CPU
		{05B73547-168C-4313-915F-395303F05820}.Release|ARM.ActiveCfg = Release|Any CPU
		{05B73547-168C-4313-915F-395303F05820}.Release|ARM.Build.0 = Release|Any CPU
		{05B73547-168C-4313-915F-395303F05820}.Release|ARM64.ActiveCfg = Release|Any CPU
		{05B73547-168C-4313-915F-395303F05820}.Release|ARM64.Build.0 = Release|Any CPU
		{05B73547-168C-4313-915F-395303F05820}.Release|x64.ActiveCfg = Release|Any CPU
		{05B73547-168C-4313-915F-395303F05820}.Release|x64.Build.0 = Release|Any CPU
		{05B73547-168C-4313-915F-395303F05820}.Release|x86.ActiveCfg = Release|Any CPU
		{05B73547-168C-4313-915F-395303F05820}.Release|x86.Build.0 = Release|Any CPU
		{F94E26E0-C5D6-405F-A992-B035EEE5E8E1}.Debug|Any CPU.ActiveCfg = Debug|Any CPU
		{F94E26E0-C5D6-405F-A992-B035EEE5E8E1}.Debug|Any CPU.Build.0 = Debug|Any CPU
		{F94E26E0-C5D6-405F-A992-B035EEE5E8E1}.Debug|ARM.ActiveCfg = Debug|Any CPU
		{F94E26E0-C5D6-405F-A992-B035EEE5E8E1}.Debug|ARM.Build.0 = Debug|Any CPU
		{F94E26E0-C5D6-405F-A992-B035EEE5E8E1}.Debug|ARM64.ActiveCfg = Debug|Any CPU
		{F94E26E0-C5D6-405F-A992-B035EEE5E8E1}.Debug|ARM64.Build.0 = Debug|Any CPU
		{F94E26E0-C5D6-405F-A992-B035EEE5E8E1}.Debug|x64.ActiveCfg = Debug|Any CPU
		{F94E26E0-C5D6-405F-A992-B035EEE5E8E1}.Debug|x64.Build.0 = Debug|Any CPU
		{F94E26E0-C5D6-405F-A992-B035EEE5E8E1}.Debug|x86.ActiveCfg = Debug|Any CPU
		{F94E26E0-C5D6-405F-A992-B035EEE5E8E1}.Debug|x86.Build.0 = Debug|Any CPU
		{F94E26E0-C5D6-405F-A992-B035EEE5E8E1}.Release|Any CPU.ActiveCfg = Release|Any CPU
		{F94E26E0-C5D6-405F-A992-B035EEE5E8E1}.Release|Any CPU.Build.0 = Release|Any CPU
		{F94E26E0-C5D6-405F-A992-B035EEE5E8E1}.Release|ARM.ActiveCfg = Release|Any CPU
		{F94E26E0-C5D6-405F-A992-B035EEE5E8E1}.Release|ARM.Build.0 = Release|Any CPU
		{F94E26E0-C5D6-405F-A992-B035EEE5E8E1}.Release|ARM64.ActiveCfg = Release|Any CPU
		{F94E26E0-C5D6-405F-A992-B035EEE5E8E1}.Release|ARM64.Build.0 = Release|Any CPU
		{F94E26E0-C5D6-405F-A992-B035EEE5E8E1}.Release|x64.ActiveCfg = Release|Any CPU
		{F94E26E0-C5D6-405F-A992-B035EEE5E8E1}.Release|x64.Build.0 = Release|Any CPU
		{F94E26E0-C5D6-405F-A992-B035EEE5E8E1}.Release|x86.ActiveCfg = Release|Any CPU
		{F94E26E0-C5D6-405F-A992-B035EEE5E8E1}.Release|x86.Build.0 = Release|Any CPU
		{ACE44FD9-D508-4F38-A80E-5DECDDC0CEAB}.Debug|Any CPU.ActiveCfg = Debug|Any CPU
		{ACE44FD9-D508-4F38-A80E-5DECDDC0CEAB}.Debug|Any CPU.Build.0 = Debug|Any CPU
		{ACE44FD9-D508-4F38-A80E-5DECDDC0CEAB}.Debug|ARM.ActiveCfg = Debug|Any CPU
		{ACE44FD9-D508-4F38-A80E-5DECDDC0CEAB}.Debug|ARM.Build.0 = Debug|Any CPU
		{ACE44FD9-D508-4F38-A80E-5DECDDC0CEAB}.Debug|ARM64.ActiveCfg = Debug|Any CPU
		{ACE44FD9-D508-4F38-A80E-5DECDDC0CEAB}.Debug|ARM64.Build.0 = Debug|Any CPU
		{ACE44FD9-D508-4F38-A80E-5DECDDC0CEAB}.Debug|x64.ActiveCfg = Debug|Any CPU
		{ACE44FD9-D508-4F38-A80E-5DECDDC0CEAB}.Debug|x64.Build.0 = Debug|Any CPU
		{ACE44FD9-D508-4F38-A80E-5DECDDC0CEAB}.Debug|x86.ActiveCfg = Debug|Any CPU
		{ACE44FD9-D508-4F38-A80E-5DECDDC0CEAB}.Debug|x86.Build.0 = Debug|Any CPU
		{ACE44FD9-D508-4F38-A80E-5DECDDC0CEAB}.Release|Any CPU.ActiveCfg = Release|Any CPU
		{ACE44FD9-D508-4F38-A80E-5DECDDC0CEAB}.Release|Any CPU.Build.0 = Release|Any CPU
		{ACE44FD9-D508-4F38-A80E-5DECDDC0CEAB}.Release|ARM.ActiveCfg = Release|Any CPU
		{ACE44FD9-D508-4F38-A80E-5DECDDC0CEAB}.Release|ARM.Build.0 = Release|Any CPU
		{ACE44FD9-D508-4F38-A80E-5DECDDC0CEAB}.Release|ARM64.ActiveCfg = Release|Any CPU
		{ACE44FD9-D508-4F38-A80E-5DECDDC0CEAB}.Release|ARM64.Build.0 = Release|Any CPU
		{ACE44FD9-D508-4F38-A80E-5DECDDC0CEAB}.Release|x64.ActiveCfg = Release|Any CPU
		{ACE44FD9-D508-4F38-A80E-5DECDDC0CEAB}.Release|x64.Build.0 = Release|Any CPU
		{ACE44FD9-D508-4F38-A80E-5DECDDC0CEAB}.Release|x86.ActiveCfg = Release|Any CPU
		{ACE44FD9-D508-4F38-A80E-5DECDDC0CEAB}.Release|x86.Build.0 = Release|Any CPU
		{6B3B47AE-8147-4860-AE35-8446816FFC7F}.Debug|Any CPU.ActiveCfg = Debug|Any CPU
		{6B3B47AE-8147-4860-AE35-8446816FFC7F}.Debug|Any CPU.Build.0 = Debug|Any CPU
		{6B3B47AE-8147-4860-AE35-8446816FFC7F}.Debug|ARM.ActiveCfg = Debug|Any CPU
		{6B3B47AE-8147-4860-AE35-8446816FFC7F}.Debug|ARM.Build.0 = Debug|Any CPU
		{6B3B47AE-8147-4860-AE35-8446816FFC7F}.Debug|ARM64.ActiveCfg = Debug|Any CPU
		{6B3B47AE-8147-4860-AE35-8446816FFC7F}.Debug|ARM64.Build.0 = Debug|Any CPU
		{6B3B47AE-8147-4860-AE35-8446816FFC7F}.Debug|x64.ActiveCfg = Debug|Any CPU
		{6B3B47AE-8147-4860-AE35-8446816FFC7F}.Debug|x64.Build.0 = Debug|Any CPU
		{6B3B47AE-8147-4860-AE35-8446816FFC7F}.Debug|x86.ActiveCfg = Debug|Any CPU
		{6B3B47AE-8147-4860-AE35-8446816FFC7F}.Debug|x86.Build.0 = Debug|Any CPU
		{6B3B47AE-8147-4860-AE35-8446816FFC7F}.Release|Any CPU.ActiveCfg = Release|Any CPU
		{6B3B47AE-8147-4860-AE35-8446816FFC7F}.Release|Any CPU.Build.0 = Release|Any CPU
		{6B3B47AE-8147-4860-AE35-8446816FFC7F}.Release|ARM.ActiveCfg = Release|Any CPU
		{6B3B47AE-8147-4860-AE35-8446816FFC7F}.Release|ARM.Build.0 = Release|Any CPU
		{6B3B47AE-8147-4860-AE35-8446816FFC7F}.Release|ARM64.ActiveCfg = Release|Any CPU
		{6B3B47AE-8147-4860-AE35-8446816FFC7F}.Release|ARM64.Build.0 = Release|Any CPU
		{6B3B47AE-8147-4860-AE35-8446816FFC7F}.Release|x64.ActiveCfg = Release|Any CPU
		{6B3B47AE-8147-4860-AE35-8446816FFC7F}.Release|x64.Build.0 = Release|Any CPU
		{6B3B47AE-8147-4860-AE35-8446816FFC7F}.Release|x86.ActiveCfg = Release|Any CPU
		{6B3B47AE-8147-4860-AE35-8446816FFC7F}.Release|x86.Build.0 = Release|Any CPU
		{0EAC350D-ED25-4AD1-A528-8B8580B3D5E9}.Debug|Any CPU.ActiveCfg = Debug|Any CPU
		{0EAC350D-ED25-4AD1-A528-8B8580B3D5E9}.Debug|Any CPU.Build.0 = Debug|Any CPU
		{0EAC350D-ED25-4AD1-A528-8B8580B3D5E9}.Debug|ARM.ActiveCfg = Debug|Any CPU
		{0EAC350D-ED25-4AD1-A528-8B8580B3D5E9}.Debug|ARM.Build.0 = Debug|Any CPU
		{0EAC350D-ED25-4AD1-A528-8B8580B3D5E9}.Debug|ARM64.ActiveCfg = Debug|Any CPU
		{0EAC350D-ED25-4AD1-A528-8B8580B3D5E9}.Debug|ARM64.Build.0 = Debug|Any CPU
		{0EAC350D-ED25-4AD1-A528-8B8580B3D5E9}.Debug|x64.ActiveCfg = Debug|Any CPU
		{0EAC350D-ED25-4AD1-A528-8B8580B3D5E9}.Debug|x64.Build.0 = Debug|Any CPU
		{0EAC350D-ED25-4AD1-A528-8B8580B3D5E9}.Debug|x86.ActiveCfg = Debug|Any CPU
		{0EAC350D-ED25-4AD1-A528-8B8580B3D5E9}.Debug|x86.Build.0 = Debug|Any CPU
		{0EAC350D-ED25-4AD1-A528-8B8580B3D5E9}.Release|Any CPU.ActiveCfg = Release|Any CPU
		{0EAC350D-ED25-4AD1-A528-8B8580B3D5E9}.Release|Any CPU.Build.0 = Release|Any CPU
		{0EAC350D-ED25-4AD1-A528-8B8580B3D5E9}.Release|ARM.ActiveCfg = Release|Any CPU
		{0EAC350D-ED25-4AD1-A528-8B8580B3D5E9}.Release|ARM.Build.0 = Release|Any CPU
		{0EAC350D-ED25-4AD1-A528-8B8580B3D5E9}.Release|ARM64.ActiveCfg = Release|Any CPU
		{0EAC350D-ED25-4AD1-A528-8B8580B3D5E9}.Release|ARM64.Build.0 = Release|Any CPU
		{0EAC350D-ED25-4AD1-A528-8B8580B3D5E9}.Release|x64.ActiveCfg = Release|Any CPU
		{0EAC350D-ED25-4AD1-A528-8B8580B3D5E9}.Release|x64.Build.0 = Release|Any CPU
		{0EAC350D-ED25-4AD1-A528-8B8580B3D5E9}.Release|x86.ActiveCfg = Release|Any CPU
		{0EAC350D-ED25-4AD1-A528-8B8580B3D5E9}.Release|x86.Build.0 = Release|Any CPU
		{1A5FB5CA-4F77-4CAE-BE0F-7462FB6D7E27}.Debug|Any CPU.ActiveCfg = Debug|Any CPU
		{1A5FB5CA-4F77-4CAE-BE0F-7462FB6D7E27}.Debug|Any CPU.Build.0 = Debug|Any CPU
		{1A5FB5CA-4F77-4CAE-BE0F-7462FB6D7E27}.Debug|ARM.ActiveCfg = Debug|Any CPU
		{1A5FB5CA-4F77-4CAE-BE0F-7462FB6D7E27}.Debug|ARM.Build.0 = Debug|Any CPU
		{1A5FB5CA-4F77-4CAE-BE0F-7462FB6D7E27}.Debug|ARM64.ActiveCfg = Debug|Any CPU
		{1A5FB5CA-4F77-4CAE-BE0F-7462FB6D7E27}.Debug|ARM64.Build.0 = Debug|Any CPU
		{1A5FB5CA-4F77-4CAE-BE0F-7462FB6D7E27}.Debug|x64.ActiveCfg = Debug|Any CPU
		{1A5FB5CA-4F77-4CAE-BE0F-7462FB6D7E27}.Debug|x64.Build.0 = Debug|Any CPU
		{1A5FB5CA-4F77-4CAE-BE0F-7462FB6D7E27}.Debug|x86.ActiveCfg = Debug|Any CPU
		{1A5FB5CA-4F77-4CAE-BE0F-7462FB6D7E27}.Debug|x86.Build.0 = Debug|Any CPU
		{1A5FB5CA-4F77-4CAE-BE0F-7462FB6D7E27}.Release|Any CPU.ActiveCfg = Release|Any CPU
		{1A5FB5CA-4F77-4CAE-BE0F-7462FB6D7E27}.Release|Any CPU.Build.0 = Release|Any CPU
		{1A5FB5CA-4F77-4CAE-BE0F-7462FB6D7E27}.Release|ARM.ActiveCfg = Release|Any CPU
		{1A5FB5CA-4F77-4CAE-BE0F-7462FB6D7E27}.Release|ARM.Build.0 = Release|Any CPU
		{1A5FB5CA-4F77-4CAE-BE0F-7462FB6D7E27}.Release|ARM64.ActiveCfg = Release|Any CPU
		{1A5FB5CA-4F77-4CAE-BE0F-7462FB6D7E27}.Release|ARM64.Build.0 = Release|Any CPU
		{1A5FB5CA-4F77-4CAE-BE0F-7462FB6D7E27}.Release|x64.ActiveCfg = Release|Any CPU
		{1A5FB5CA-4F77-4CAE-BE0F-7462FB6D7E27}.Release|x64.Build.0 = Release|Any CPU
		{1A5FB5CA-4F77-4CAE-BE0F-7462FB6D7E27}.Release|x86.ActiveCfg = Release|Any CPU
		{1A5FB5CA-4F77-4CAE-BE0F-7462FB6D7E27}.Release|x86.Build.0 = Release|Any CPU
		{47813637-25FE-429C-95BC-933AAB54DBFB}.Debug|Any CPU.ActiveCfg = Debug|Any CPU
		{47813637-25FE-429C-95BC-933AAB54DBFB}.Debug|Any CPU.Build.0 = Debug|Any CPU
		{47813637-25FE-429C-95BC-933AAB54DBFB}.Debug|ARM.ActiveCfg = Debug|Any CPU
		{47813637-25FE-429C-95BC-933AAB54DBFB}.Debug|ARM.Build.0 = Debug|Any CPU
		{47813637-25FE-429C-95BC-933AAB54DBFB}.Debug|ARM64.ActiveCfg = Debug|Any CPU
		{47813637-25FE-429C-95BC-933AAB54DBFB}.Debug|ARM64.Build.0 = Debug|Any CPU
		{47813637-25FE-429C-95BC-933AAB54DBFB}.Debug|x64.ActiveCfg = Debug|Any CPU
		{47813637-25FE-429C-95BC-933AAB54DBFB}.Debug|x64.Build.0 = Debug|Any CPU
		{47813637-25FE-429C-95BC-933AAB54DBFB}.Debug|x86.ActiveCfg = Debug|Any CPU
		{47813637-25FE-429C-95BC-933AAB54DBFB}.Debug|x86.Build.0 = Debug|Any CPU
		{47813637-25FE-429C-95BC-933AAB54DBFB}.Release|Any CPU.ActiveCfg = Release|Any CPU
		{47813637-25FE-429C-95BC-933AAB54DBFB}.Release|Any CPU.Build.0 = Release|Any CPU
		{47813637-25FE-429C-95BC-933AAB54DBFB}.Release|ARM.ActiveCfg = Release|Any CPU
		{47813637-25FE-429C-95BC-933AAB54DBFB}.Release|ARM.Build.0 = Release|Any CPU
		{47813637-25FE-429C-95BC-933AAB54DBFB}.Release|ARM64.ActiveCfg = Release|Any CPU
		{47813637-25FE-429C-95BC-933AAB54DBFB}.Release|ARM64.Build.0 = Release|Any CPU
		{47813637-25FE-429C-95BC-933AAB54DBFB}.Release|x64.ActiveCfg = Release|Any CPU
		{47813637-25FE-429C-95BC-933AAB54DBFB}.Release|x64.Build.0 = Release|Any CPU
		{47813637-25FE-429C-95BC-933AAB54DBFB}.Release|x86.ActiveCfg = Release|Any CPU
		{47813637-25FE-429C-95BC-933AAB54DBFB}.Release|x86.Build.0 = Release|Any CPU
		{5DCF3D80-E919-47EC-B951-DC514DABB6BE}.Debug|Any CPU.ActiveCfg = Debug|Any CPU
		{5DCF3D80-E919-47EC-B951-DC514DABB6BE}.Debug|Any CPU.Build.0 = Debug|Any CPU
		{5DCF3D80-E919-47EC-B951-DC514DABB6BE}.Debug|ARM.ActiveCfg = Debug|Any CPU
		{5DCF3D80-E919-47EC-B951-DC514DABB6BE}.Debug|ARM.Build.0 = Debug|Any CPU
		{5DCF3D80-E919-47EC-B951-DC514DABB6BE}.Debug|ARM64.ActiveCfg = Debug|Any CPU
		{5DCF3D80-E919-47EC-B951-DC514DABB6BE}.Debug|ARM64.Build.0 = Debug|Any CPU
		{5DCF3D80-E919-47EC-B951-DC514DABB6BE}.Debug|x64.ActiveCfg = Debug|Any CPU
		{5DCF3D80-E919-47EC-B951-DC514DABB6BE}.Debug|x64.Build.0 = Debug|Any CPU
		{5DCF3D80-E919-47EC-B951-DC514DABB6BE}.Debug|x86.ActiveCfg = Debug|Any CPU
		{5DCF3D80-E919-47EC-B951-DC514DABB6BE}.Debug|x86.Build.0 = Debug|Any CPU
		{5DCF3D80-E919-47EC-B951-DC514DABB6BE}.Release|Any CPU.ActiveCfg = Release|Any CPU
		{5DCF3D80-E919-47EC-B951-DC514DABB6BE}.Release|Any CPU.Build.0 = Release|Any CPU
		{5DCF3D80-E919-47EC-B951-DC514DABB6BE}.Release|ARM.ActiveCfg = Release|Any CPU
		{5DCF3D80-E919-47EC-B951-DC514DABB6BE}.Release|ARM.Build.0 = Release|Any CPU
		{5DCF3D80-E919-47EC-B951-DC514DABB6BE}.Release|ARM64.ActiveCfg = Release|Any CPU
		{5DCF3D80-E919-47EC-B951-DC514DABB6BE}.Release|ARM64.Build.0 = Release|Any CPU
		{5DCF3D80-E919-47EC-B951-DC514DABB6BE}.Release|x64.ActiveCfg = Release|Any CPU
		{5DCF3D80-E919-47EC-B951-DC514DABB6BE}.Release|x64.Build.0 = Release|Any CPU
		{5DCF3D80-E919-47EC-B951-DC514DABB6BE}.Release|x86.ActiveCfg = Release|Any CPU
		{5DCF3D80-E919-47EC-B951-DC514DABB6BE}.Release|x86.Build.0 = Release|Any CPU
		{82215A74-3298-4EAE-8A43-E21EC9600C78}.Debug|Any CPU.ActiveCfg = Debug|Any CPU
		{82215A74-3298-4EAE-8A43-E21EC9600C78}.Debug|Any CPU.Build.0 = Debug|Any CPU
		{82215A74-3298-4EAE-8A43-E21EC9600C78}.Debug|ARM.ActiveCfg = Debug|Any CPU
		{82215A74-3298-4EAE-8A43-E21EC9600C78}.Debug|ARM.Build.0 = Debug|Any CPU
		{82215A74-3298-4EAE-8A43-E21EC9600C78}.Debug|ARM64.ActiveCfg = Debug|Any CPU
		{82215A74-3298-4EAE-8A43-E21EC9600C78}.Debug|ARM64.Build.0 = Debug|Any CPU
		{82215A74-3298-4EAE-8A43-E21EC9600C78}.Debug|x64.ActiveCfg = Debug|Any CPU
		{82215A74-3298-4EAE-8A43-E21EC9600C78}.Debug|x64.Build.0 = Debug|Any CPU
		{82215A74-3298-4EAE-8A43-E21EC9600C78}.Debug|x86.ActiveCfg = Debug|Any CPU
		{82215A74-3298-4EAE-8A43-E21EC9600C78}.Debug|x86.Build.0 = Debug|Any CPU
		{82215A74-3298-4EAE-8A43-E21EC9600C78}.Release|Any CPU.ActiveCfg = Release|Any CPU
		{82215A74-3298-4EAE-8A43-E21EC9600C78}.Release|Any CPU.Build.0 = Release|Any CPU
		{82215A74-3298-4EAE-8A43-E21EC9600C78}.Release|ARM.ActiveCfg = Release|Any CPU
		{82215A74-3298-4EAE-8A43-E21EC9600C78}.Release|ARM.Build.0 = Release|Any CPU
		{82215A74-3298-4EAE-8A43-E21EC9600C78}.Release|ARM64.ActiveCfg = Release|Any CPU
		{82215A74-3298-4EAE-8A43-E21EC9600C78}.Release|ARM64.Build.0 = Release|Any CPU
		{82215A74-3298-4EAE-8A43-E21EC9600C78}.Release|x64.ActiveCfg = Release|Any CPU
		{82215A74-3298-4EAE-8A43-E21EC9600C78}.Release|x64.Build.0 = Release|Any CPU
		{82215A74-3298-4EAE-8A43-E21EC9600C78}.Release|x86.ActiveCfg = Release|Any CPU
		{82215A74-3298-4EAE-8A43-E21EC9600C78}.Release|x86.Build.0 = Release|Any CPU
		{50B2D6DF-B874-4646-8FF9-3E847B8F1A20}.Debug|Any CPU.ActiveCfg = Debug|Any CPU
		{50B2D6DF-B874-4646-8FF9-3E847B8F1A20}.Debug|Any CPU.Build.0 = Debug|Any CPU
		{50B2D6DF-B874-4646-8FF9-3E847B8F1A20}.Debug|ARM.ActiveCfg = Debug|Any CPU
		{50B2D6DF-B874-4646-8FF9-3E847B8F1A20}.Debug|ARM.Build.0 = Debug|Any CPU
		{50B2D6DF-B874-4646-8FF9-3E847B8F1A20}.Debug|ARM64.ActiveCfg = Debug|Any CPU
		{50B2D6DF-B874-4646-8FF9-3E847B8F1A20}.Debug|ARM64.Build.0 = Debug|Any CPU
		{50B2D6DF-B874-4646-8FF9-3E847B8F1A20}.Debug|x64.ActiveCfg = Debug|Any CPU
		{50B2D6DF-B874-4646-8FF9-3E847B8F1A20}.Debug|x64.Build.0 = Debug|Any CPU
		{50B2D6DF-B874-4646-8FF9-3E847B8F1A20}.Debug|x86.ActiveCfg = Debug|Any CPU
		{50B2D6DF-B874-4646-8FF9-3E847B8F1A20}.Debug|x86.Build.0 = Debug|Any CPU
		{50B2D6DF-B874-4646-8FF9-3E847B8F1A20}.Release|Any CPU.ActiveCfg = Release|Any CPU
		{50B2D6DF-B874-4646-8FF9-3E847B8F1A20}.Release|Any CPU.Build.0 = Release|Any CPU
		{50B2D6DF-B874-4646-8FF9-3E847B8F1A20}.Release|ARM.ActiveCfg = Release|Any CPU
		{50B2D6DF-B874-4646-8FF9-3E847B8F1A20}.Release|ARM.Build.0 = Release|Any CPU
		{50B2D6DF-B874-4646-8FF9-3E847B8F1A20}.Release|ARM64.ActiveCfg = Release|Any CPU
		{50B2D6DF-B874-4646-8FF9-3E847B8F1A20}.Release|ARM64.Build.0 = Release|Any CPU
		{50B2D6DF-B874-4646-8FF9-3E847B8F1A20}.Release|x64.ActiveCfg = Release|Any CPU
		{50B2D6DF-B874-4646-8FF9-3E847B8F1A20}.Release|x64.Build.0 = Release|Any CPU
		{50B2D6DF-B874-4646-8FF9-3E847B8F1A20}.Release|x86.ActiveCfg = Release|Any CPU
		{50B2D6DF-B874-4646-8FF9-3E847B8F1A20}.Release|x86.Build.0 = Release|Any CPU
		{9B719E8B-8F02-401C-91E5-7747DBBA8270}.Debug|Any CPU.ActiveCfg = Debug|Any CPU
		{9B719E8B-8F02-401C-91E5-7747DBBA8270}.Debug|Any CPU.Build.0 = Debug|Any CPU
		{9B719E8B-8F02-401C-91E5-7747DBBA8270}.Debug|ARM.ActiveCfg = Debug|Any CPU
		{9B719E8B-8F02-401C-91E5-7747DBBA8270}.Debug|ARM.Build.0 = Debug|Any CPU
		{9B719E8B-8F02-401C-91E5-7747DBBA8270}.Debug|ARM64.ActiveCfg = Debug|Any CPU
		{9B719E8B-8F02-401C-91E5-7747DBBA8270}.Debug|ARM64.Build.0 = Debug|Any CPU
		{9B719E8B-8F02-401C-91E5-7747DBBA8270}.Debug|x64.ActiveCfg = Debug|Any CPU
		{9B719E8B-8F02-401C-91E5-7747DBBA8270}.Debug|x64.Build.0 = Debug|Any CPU
		{9B719E8B-8F02-401C-91E5-7747DBBA8270}.Debug|x86.ActiveCfg = Debug|Any CPU
		{9B719E8B-8F02-401C-91E5-7747DBBA8270}.Debug|x86.Build.0 = Debug|Any CPU
		{9B719E8B-8F02-401C-91E5-7747DBBA8270}.Release|Any CPU.ActiveCfg = Release|Any CPU
		{9B719E8B-8F02-401C-91E5-7747DBBA8270}.Release|Any CPU.Build.0 = Release|Any CPU
		{9B719E8B-8F02-401C-91E5-7747DBBA8270}.Release|ARM.ActiveCfg = Release|Any CPU
		{9B719E8B-8F02-401C-91E5-7747DBBA8270}.Release|ARM.Build.0 = Release|Any CPU
		{9B719E8B-8F02-401C-91E5-7747DBBA8270}.Release|ARM64.ActiveCfg = Release|Any CPU
		{9B719E8B-8F02-401C-91E5-7747DBBA8270}.Release|ARM64.Build.0 = Release|Any CPU
		{9B719E8B-8F02-401C-91E5-7747DBBA8270}.Release|x64.ActiveCfg = Release|Any CPU
		{9B719E8B-8F02-401C-91E5-7747DBBA8270}.Release|x64.Build.0 = Release|Any CPU
		{9B719E8B-8F02-401C-91E5-7747DBBA8270}.Release|x86.ActiveCfg = Release|Any CPU
		{9B719E8B-8F02-401C-91E5-7747DBBA8270}.Release|x86.Build.0 = Release|Any CPU
		{28D56C2C-1BAF-42E1-8D44-D046F3ED0711}.Debug|Any CPU.ActiveCfg = Debug|Any CPU
		{28D56C2C-1BAF-42E1-8D44-D046F3ED0711}.Debug|Any CPU.Build.0 = Debug|Any CPU
		{28D56C2C-1BAF-42E1-8D44-D046F3ED0711}.Debug|ARM.ActiveCfg = Debug|Any CPU
		{28D56C2C-1BAF-42E1-8D44-D046F3ED0711}.Debug|ARM.Build.0 = Debug|Any CPU
		{28D56C2C-1BAF-42E1-8D44-D046F3ED0711}.Debug|ARM64.ActiveCfg = Debug|Any CPU
		{28D56C2C-1BAF-42E1-8D44-D046F3ED0711}.Debug|ARM64.Build.0 = Debug|Any CPU
		{28D56C2C-1BAF-42E1-8D44-D046F3ED0711}.Debug|x64.ActiveCfg = Debug|Any CPU
		{28D56C2C-1BAF-42E1-8D44-D046F3ED0711}.Debug|x64.Build.0 = Debug|Any CPU
		{28D56C2C-1BAF-42E1-8D44-D046F3ED0711}.Debug|x86.ActiveCfg = Debug|Any CPU
		{28D56C2C-1BAF-42E1-8D44-D046F3ED0711}.Debug|x86.Build.0 = Debug|Any CPU
		{28D56C2C-1BAF-42E1-8D44-D046F3ED0711}.Release|Any CPU.ActiveCfg = Release|Any CPU
		{28D56C2C-1BAF-42E1-8D44-D046F3ED0711}.Release|Any CPU.Build.0 = Release|Any CPU
		{28D56C2C-1BAF-42E1-8D44-D046F3ED0711}.Release|ARM.ActiveCfg = Release|Any CPU
		{28D56C2C-1BAF-42E1-8D44-D046F3ED0711}.Release|ARM.Build.0 = Release|Any CPU
		{28D56C2C-1BAF-42E1-8D44-D046F3ED0711}.Release|ARM64.ActiveCfg = Release|Any CPU
		{28D56C2C-1BAF-42E1-8D44-D046F3ED0711}.Release|ARM64.Build.0 = Release|Any CPU
		{28D56C2C-1BAF-42E1-8D44-D046F3ED0711}.Release|x64.ActiveCfg = Release|Any CPU
		{28D56C2C-1BAF-42E1-8D44-D046F3ED0711}.Release|x64.Build.0 = Release|Any CPU
		{28D56C2C-1BAF-42E1-8D44-D046F3ED0711}.Release|x86.ActiveCfg = Release|Any CPU
		{28D56C2C-1BAF-42E1-8D44-D046F3ED0711}.Release|x86.Build.0 = Release|Any CPU
		{BDA8633B-59C8-4101-BEB0-96E0ADE08C8F}.Debug|Any CPU.ActiveCfg = Debug|Any CPU
		{BDA8633B-59C8-4101-BEB0-96E0ADE08C8F}.Debug|Any CPU.Build.0 = Debug|Any CPU
		{BDA8633B-59C8-4101-BEB0-96E0ADE08C8F}.Debug|ARM.ActiveCfg = Debug|Any CPU
		{BDA8633B-59C8-4101-BEB0-96E0ADE08C8F}.Debug|ARM.Build.0 = Debug|Any CPU
		{BDA8633B-59C8-4101-BEB0-96E0ADE08C8F}.Debug|ARM64.ActiveCfg = Debug|Any CPU
		{BDA8633B-59C8-4101-BEB0-96E0ADE08C8F}.Debug|ARM64.Build.0 = Debug|Any CPU
		{BDA8633B-59C8-4101-BEB0-96E0ADE08C8F}.Debug|x64.ActiveCfg = Debug|Any CPU
		{BDA8633B-59C8-4101-BEB0-96E0ADE08C8F}.Debug|x64.Build.0 = Debug|Any CPU
		{BDA8633B-59C8-4101-BEB0-96E0ADE08C8F}.Debug|x86.ActiveCfg = Debug|Any CPU
		{BDA8633B-59C8-4101-BEB0-96E0ADE08C8F}.Debug|x86.Build.0 = Debug|Any CPU
		{BDA8633B-59C8-4101-BEB0-96E0ADE08C8F}.Release|Any CPU.ActiveCfg = Release|Any CPU
		{BDA8633B-59C8-4101-BEB0-96E0ADE08C8F}.Release|Any CPU.Build.0 = Release|Any CPU
		{BDA8633B-59C8-4101-BEB0-96E0ADE08C8F}.Release|ARM.ActiveCfg = Release|Any CPU
		{BDA8633B-59C8-4101-BEB0-96E0ADE08C8F}.Release|ARM.Build.0 = Release|Any CPU
		{BDA8633B-59C8-4101-BEB0-96E0ADE08C8F}.Release|ARM64.ActiveCfg = Release|Any CPU
		{BDA8633B-59C8-4101-BEB0-96E0ADE08C8F}.Release|ARM64.Build.0 = Release|Any CPU
		{BDA8633B-59C8-4101-BEB0-96E0ADE08C8F}.Release|x64.ActiveCfg = Release|Any CPU
		{BDA8633B-59C8-4101-BEB0-96E0ADE08C8F}.Release|x64.Build.0 = Release|Any CPU
		{BDA8633B-59C8-4101-BEB0-96E0ADE08C8F}.Release|x86.ActiveCfg = Release|Any CPU
		{BDA8633B-59C8-4101-BEB0-96E0ADE08C8F}.Release|x86.Build.0 = Release|Any CPU
		{42ED0460-BF18-42EA-BD96-C2A3F15E01C4}.Debug|Any CPU.ActiveCfg = Debug|Any CPU
		{42ED0460-BF18-42EA-BD96-C2A3F15E01C4}.Debug|Any CPU.Build.0 = Debug|Any CPU
		{42ED0460-BF18-42EA-BD96-C2A3F15E01C4}.Debug|ARM.ActiveCfg = Debug|Any CPU
		{42ED0460-BF18-42EA-BD96-C2A3F15E01C4}.Debug|ARM.Build.0 = Debug|Any CPU
		{42ED0460-BF18-42EA-BD96-C2A3F15E01C4}.Debug|ARM64.ActiveCfg = Debug|Any CPU
		{42ED0460-BF18-42EA-BD96-C2A3F15E01C4}.Debug|ARM64.Build.0 = Debug|Any CPU
		{42ED0460-BF18-42EA-BD96-C2A3F15E01C4}.Debug|x64.ActiveCfg = Debug|Any CPU
		{42ED0460-BF18-42EA-BD96-C2A3F15E01C4}.Debug|x64.Build.0 = Debug|Any CPU
		{42ED0460-BF18-42EA-BD96-C2A3F15E01C4}.Debug|x86.ActiveCfg = Debug|Any CPU
		{42ED0460-BF18-42EA-BD96-C2A3F15E01C4}.Debug|x86.Build.0 = Debug|Any CPU
		{42ED0460-BF18-42EA-BD96-C2A3F15E01C4}.Release|Any CPU.ActiveCfg = Release|Any CPU
		{42ED0460-BF18-42EA-BD96-C2A3F15E01C4}.Release|Any CPU.Build.0 = Release|Any CPU
		{42ED0460-BF18-42EA-BD96-C2A3F15E01C4}.Release|ARM.ActiveCfg = Release|Any CPU
		{42ED0460-BF18-42EA-BD96-C2A3F15E01C4}.Release|ARM.Build.0 = Release|Any CPU
		{42ED0460-BF18-42EA-BD96-C2A3F15E01C4}.Release|ARM64.ActiveCfg = Release|Any CPU
		{42ED0460-BF18-42EA-BD96-C2A3F15E01C4}.Release|ARM64.Build.0 = Release|Any CPU
		{42ED0460-BF18-42EA-BD96-C2A3F15E01C4}.Release|x64.ActiveCfg = Release|Any CPU
		{42ED0460-BF18-42EA-BD96-C2A3F15E01C4}.Release|x64.Build.0 = Release|Any CPU
		{42ED0460-BF18-42EA-BD96-C2A3F15E01C4}.Release|x86.ActiveCfg = Release|Any CPU
		{42ED0460-BF18-42EA-BD96-C2A3F15E01C4}.Release|x86.Build.0 = Release|Any CPU
		{FB4DA725-E01A-45EC-BB1F-958F59497632}.Debug|Any CPU.ActiveCfg = Debug|Any CPU
		{FB4DA725-E01A-45EC-BB1F-958F59497632}.Debug|Any CPU.Build.0 = Debug|Any CPU
		{FB4DA725-E01A-45EC-BB1F-958F59497632}.Debug|ARM.ActiveCfg = Debug|Any CPU
		{FB4DA725-E01A-45EC-BB1F-958F59497632}.Debug|ARM.Build.0 = Debug|Any CPU
		{FB4DA725-E01A-45EC-BB1F-958F59497632}.Debug|ARM64.ActiveCfg = Debug|Any CPU
		{FB4DA725-E01A-45EC-BB1F-958F59497632}.Debug|ARM64.Build.0 = Debug|Any CPU
		{FB4DA725-E01A-45EC-BB1F-958F59497632}.Debug|x64.ActiveCfg = Debug|Any CPU
		{FB4DA725-E01A-45EC-BB1F-958F59497632}.Debug|x64.Build.0 = Debug|Any CPU
		{FB4DA725-E01A-45EC-BB1F-958F59497632}.Debug|x86.ActiveCfg = Debug|Any CPU
		{FB4DA725-E01A-45EC-BB1F-958F59497632}.Debug|x86.Build.0 = Debug|Any CPU
		{FB4DA725-E01A-45EC-BB1F-958F59497632}.Release|Any CPU.ActiveCfg = Release|Any CPU
		{FB4DA725-E01A-45EC-BB1F-958F59497632}.Release|Any CPU.Build.0 = Release|Any CPU
		{FB4DA725-E01A-45EC-BB1F-958F59497632}.Release|ARM.ActiveCfg = Release|Any CPU
		{FB4DA725-E01A-45EC-BB1F-958F59497632}.Release|ARM.Build.0 = Release|Any CPU
		{FB4DA725-E01A-45EC-BB1F-958F59497632}.Release|ARM64.ActiveCfg = Release|Any CPU
		{FB4DA725-E01A-45EC-BB1F-958F59497632}.Release|ARM64.Build.0 = Release|Any CPU
		{FB4DA725-E01A-45EC-BB1F-958F59497632}.Release|x64.ActiveCfg = Release|Any CPU
		{FB4DA725-E01A-45EC-BB1F-958F59497632}.Release|x64.Build.0 = Release|Any CPU
		{FB4DA725-E01A-45EC-BB1F-958F59497632}.Release|x86.ActiveCfg = Release|Any CPU
		{FB4DA725-E01A-45EC-BB1F-958F59497632}.Release|x86.Build.0 = Release|Any CPU
		{4A6FC193-5D0F-4694-9D8B-9AC2BAC70165}.Debug|Any CPU.ActiveCfg = Debug|Any CPU
		{4A6FC193-5D0F-4694-9D8B-9AC2BAC70165}.Debug|Any CPU.Build.0 = Debug|Any CPU
		{4A6FC193-5D0F-4694-9D8B-9AC2BAC70165}.Debug|ARM.ActiveCfg = Debug|Any CPU
		{4A6FC193-5D0F-4694-9D8B-9AC2BAC70165}.Debug|ARM.Build.0 = Debug|Any CPU
		{4A6FC193-5D0F-4694-9D8B-9AC2BAC70165}.Debug|ARM64.ActiveCfg = Debug|Any CPU
		{4A6FC193-5D0F-4694-9D8B-9AC2BAC70165}.Debug|ARM64.Build.0 = Debug|Any CPU
		{4A6FC193-5D0F-4694-9D8B-9AC2BAC70165}.Debug|x64.ActiveCfg = Debug|Any CPU
		{4A6FC193-5D0F-4694-9D8B-9AC2BAC70165}.Debug|x64.Build.0 = Debug|Any CPU
		{4A6FC193-5D0F-4694-9D8B-9AC2BAC70165}.Debug|x86.ActiveCfg = Debug|Any CPU
		{4A6FC193-5D0F-4694-9D8B-9AC2BAC70165}.Debug|x86.Build.0 = Debug|Any CPU
		{4A6FC193-5D0F-4694-9D8B-9AC2BAC70165}.Release|Any CPU.ActiveCfg = Release|Any CPU
		{4A6FC193-5D0F-4694-9D8B-9AC2BAC70165}.Release|Any CPU.Build.0 = Release|Any CPU
		{4A6FC193-5D0F-4694-9D8B-9AC2BAC70165}.Release|ARM.ActiveCfg = Release|Any CPU
		{4A6FC193-5D0F-4694-9D8B-9AC2BAC70165}.Release|ARM.Build.0 = Release|Any CPU
		{4A6FC193-5D0F-4694-9D8B-9AC2BAC70165}.Release|ARM64.ActiveCfg = Release|Any CPU
		{4A6FC193-5D0F-4694-9D8B-9AC2BAC70165}.Release|ARM64.Build.0 = Release|Any CPU
		{4A6FC193-5D0F-4694-9D8B-9AC2BAC70165}.Release|x64.ActiveCfg = Release|Any CPU
		{4A6FC193-5D0F-4694-9D8B-9AC2BAC70165}.Release|x64.Build.0 = Release|Any CPU
		{4A6FC193-5D0F-4694-9D8B-9AC2BAC70165}.Release|x86.ActiveCfg = Release|Any CPU
		{4A6FC193-5D0F-4694-9D8B-9AC2BAC70165}.Release|x86.Build.0 = Release|Any CPU
		{655AEA5A-E23B-49B5-B3C8-9C9E00DBAE5D}.Debug|Any CPU.ActiveCfg = Debug|Any CPU
		{655AEA5A-E23B-49B5-B3C8-9C9E00DBAE5D}.Debug|Any CPU.Build.0 = Debug|Any CPU
		{655AEA5A-E23B-49B5-B3C8-9C9E00DBAE5D}.Debug|ARM.ActiveCfg = Debug|Any CPU
		{655AEA5A-E23B-49B5-B3C8-9C9E00DBAE5D}.Debug|ARM.Build.0 = Debug|Any CPU
		{655AEA5A-E23B-49B5-B3C8-9C9E00DBAE5D}.Debug|ARM64.ActiveCfg = Debug|Any CPU
		{655AEA5A-E23B-49B5-B3C8-9C9E00DBAE5D}.Debug|ARM64.Build.0 = Debug|Any CPU
		{655AEA5A-E23B-49B5-B3C8-9C9E00DBAE5D}.Debug|x64.ActiveCfg = Debug|Any CPU
		{655AEA5A-E23B-49B5-B3C8-9C9E00DBAE5D}.Debug|x64.Build.0 = Debug|Any CPU
		{655AEA5A-E23B-49B5-B3C8-9C9E00DBAE5D}.Debug|x86.ActiveCfg = Debug|Any CPU
		{655AEA5A-E23B-49B5-B3C8-9C9E00DBAE5D}.Debug|x86.Build.0 = Debug|Any CPU
		{655AEA5A-E23B-49B5-B3C8-9C9E00DBAE5D}.Release|Any CPU.ActiveCfg = Release|Any CPU
		{655AEA5A-E23B-49B5-B3C8-9C9E00DBAE5D}.Release|Any CPU.Build.0 = Release|Any CPU
		{655AEA5A-E23B-49B5-B3C8-9C9E00DBAE5D}.Release|ARM.ActiveCfg = Release|Any CPU
		{655AEA5A-E23B-49B5-B3C8-9C9E00DBAE5D}.Release|ARM.Build.0 = Release|Any CPU
		{655AEA5A-E23B-49B5-B3C8-9C9E00DBAE5D}.Release|ARM64.ActiveCfg = Release|Any CPU
		{655AEA5A-E23B-49B5-B3C8-9C9E00DBAE5D}.Release|ARM64.Build.0 = Release|Any CPU
		{655AEA5A-E23B-49B5-B3C8-9C9E00DBAE5D}.Release|x64.ActiveCfg = Release|Any CPU
		{655AEA5A-E23B-49B5-B3C8-9C9E00DBAE5D}.Release|x64.Build.0 = Release|Any CPU
		{655AEA5A-E23B-49B5-B3C8-9C9E00DBAE5D}.Release|x86.ActiveCfg = Release|Any CPU
		{655AEA5A-E23B-49B5-B3C8-9C9E00DBAE5D}.Release|x86.Build.0 = Release|Any CPU
		{0C46A87C-F46E-40B3-901F-437838751260}.Debug|Any CPU.ActiveCfg = Debug|Any CPU
		{0C46A87C-F46E-40B3-901F-437838751260}.Debug|Any CPU.Build.0 = Debug|Any CPU
		{0C46A87C-F46E-40B3-901F-437838751260}.Debug|ARM.ActiveCfg = Debug|Any CPU
		{0C46A87C-F46E-40B3-901F-437838751260}.Debug|ARM.Build.0 = Debug|Any CPU
		{0C46A87C-F46E-40B3-901F-437838751260}.Debug|ARM64.ActiveCfg = Debug|Any CPU
		{0C46A87C-F46E-40B3-901F-437838751260}.Debug|ARM64.Build.0 = Debug|Any CPU
		{0C46A87C-F46E-40B3-901F-437838751260}.Debug|x64.ActiveCfg = Debug|Any CPU
		{0C46A87C-F46E-40B3-901F-437838751260}.Debug|x64.Build.0 = Debug|Any CPU
		{0C46A87C-F46E-40B3-901F-437838751260}.Debug|x86.ActiveCfg = Debug|Any CPU
		{0C46A87C-F46E-40B3-901F-437838751260}.Debug|x86.Build.0 = Debug|Any CPU
		{0C46A87C-F46E-40B3-901F-437838751260}.Release|Any CPU.ActiveCfg = Release|Any CPU
		{0C46A87C-F46E-40B3-901F-437838751260}.Release|Any CPU.Build.0 = Release|Any CPU
		{0C46A87C-F46E-40B3-901F-437838751260}.Release|ARM.ActiveCfg = Release|Any CPU
		{0C46A87C-F46E-40B3-901F-437838751260}.Release|ARM.Build.0 = Release|Any CPU
		{0C46A87C-F46E-40B3-901F-437838751260}.Release|ARM64.ActiveCfg = Release|Any CPU
		{0C46A87C-F46E-40B3-901F-437838751260}.Release|ARM64.Build.0 = Release|Any CPU
		{0C46A87C-F46E-40B3-901F-437838751260}.Release|x64.ActiveCfg = Release|Any CPU
		{0C46A87C-F46E-40B3-901F-437838751260}.Release|x64.Build.0 = Release|Any CPU
		{0C46A87C-F46E-40B3-901F-437838751260}.Release|x86.ActiveCfg = Release|Any CPU
		{0C46A87C-F46E-40B3-901F-437838751260}.Release|x86.Build.0 = Release|Any CPU
		{921E1303-9C0B-4202-B440-EB78D88827B4}.Debug|Any CPU.ActiveCfg = Debug|x86
		{921E1303-9C0B-4202-B440-EB78D88827B4}.Debug|ARM.ActiveCfg = Debug|ARM
		{921E1303-9C0B-4202-B440-EB78D88827B4}.Debug|ARM.Build.0 = Debug|ARM
		{921E1303-9C0B-4202-B440-EB78D88827B4}.Debug|ARM.Deploy.0 = Debug|ARM
		{921E1303-9C0B-4202-B440-EB78D88827B4}.Debug|ARM64.ActiveCfg = Debug|ARM64
		{921E1303-9C0B-4202-B440-EB78D88827B4}.Debug|ARM64.Build.0 = Debug|ARM64
		{921E1303-9C0B-4202-B440-EB78D88827B4}.Debug|ARM64.Deploy.0 = Debug|ARM64
		{921E1303-9C0B-4202-B440-EB78D88827B4}.Debug|x64.ActiveCfg = Debug|x64
		{921E1303-9C0B-4202-B440-EB78D88827B4}.Debug|x64.Build.0 = Debug|x64
		{921E1303-9C0B-4202-B440-EB78D88827B4}.Debug|x64.Deploy.0 = Debug|x64
		{921E1303-9C0B-4202-B440-EB78D88827B4}.Debug|x86.ActiveCfg = Debug|x86
		{921E1303-9C0B-4202-B440-EB78D88827B4}.Debug|x86.Build.0 = Debug|x86
		{921E1303-9C0B-4202-B440-EB78D88827B4}.Debug|x86.Deploy.0 = Debug|x86
		{921E1303-9C0B-4202-B440-EB78D88827B4}.Release|Any CPU.ActiveCfg = Release|x86
		{921E1303-9C0B-4202-B440-EB78D88827B4}.Release|ARM.ActiveCfg = Release|ARM
		{921E1303-9C0B-4202-B440-EB78D88827B4}.Release|ARM.Build.0 = Release|ARM
		{921E1303-9C0B-4202-B440-EB78D88827B4}.Release|ARM.Deploy.0 = Release|ARM
		{921E1303-9C0B-4202-B440-EB78D88827B4}.Release|ARM64.ActiveCfg = Release|ARM64
		{921E1303-9C0B-4202-B440-EB78D88827B4}.Release|ARM64.Build.0 = Release|ARM64
		{921E1303-9C0B-4202-B440-EB78D88827B4}.Release|ARM64.Deploy.0 = Release|ARM64
		{921E1303-9C0B-4202-B440-EB78D88827B4}.Release|x64.ActiveCfg = Release|x64
		{921E1303-9C0B-4202-B440-EB78D88827B4}.Release|x64.Build.0 = Release|x64
		{921E1303-9C0B-4202-B440-EB78D88827B4}.Release|x64.Deploy.0 = Release|x64
		{921E1303-9C0B-4202-B440-EB78D88827B4}.Release|x86.ActiveCfg = Release|x86
		{921E1303-9C0B-4202-B440-EB78D88827B4}.Release|x86.Build.0 = Release|x86
		{921E1303-9C0B-4202-B440-EB78D88827B4}.Release|x86.Deploy.0 = Release|x86
	EndGlobalSection
	GlobalSection(SolutionProperties) = preSolution
		HideSolutionNode = FALSE
	EndGlobalSection
	GlobalSection(NestedProjects) = preSolution
		{05B73547-168C-4313-915F-395303F05820} = {AB523D86-EB43-4A2A-9ADC-188754DD7D93}
		{5A4B2193-C673-4282-8382-D11707AF6305} = {A0BD6AA4-C84C-4288-8933-C2F984D92D1D}
		{64133EEA-92B8-4E47-AFD2-87B2045CB306} = {A0BD6AA4-C84C-4288-8933-C2F984D92D1D}
		{F94E26E0-C5D6-405F-A992-B035EEE5E8E1} = {5A4B2193-C673-4282-8382-D11707AF6305}
		{ACE44FD9-D508-4F38-A80E-5DECDDC0CEAB} = {5A4B2193-C673-4282-8382-D11707AF6305}
		{6B3B47AE-8147-4860-AE35-8446816FFC7F} = {5A4B2193-C673-4282-8382-D11707AF6305}
		{8890E151-622B-4032-B114-BDE308E57D1A} = {64133EEA-92B8-4E47-AFD2-87B2045CB306}
		{1D4B77D5-C940-4993-9115-B41F5C154D24} = {64133EEA-92B8-4E47-AFD2-87B2045CB306}
		{0EAC350D-ED25-4AD1-A528-8B8580B3D5E9} = {1D4B77D5-C940-4993-9115-B41F5C154D24}
		{1A5FB5CA-4F77-4CAE-BE0F-7462FB6D7E27} = {1D4B77D5-C940-4993-9115-B41F5C154D24}
		{5C43F529-E518-4B4A-B65F-EACD9C2A1471} = {A0BD6AA4-C84C-4288-8933-C2F984D92D1D}
		{47813637-25FE-429C-95BC-933AAB54DBFB} = {5C43F529-E518-4B4A-B65F-EACD9C2A1471}
		{5DCF3D80-E919-47EC-B951-DC514DABB6BE} = {5C43F529-E518-4B4A-B65F-EACD9C2A1471}
		{82215A74-3298-4EAE-8A43-E21EC9600C78} = {5C43F529-E518-4B4A-B65F-EACD9C2A1471}
		{50B2D6DF-B874-4646-8FF9-3E847B8F1A20} = {8890E151-622B-4032-B114-BDE308E57D1A}
		{9B719E8B-8F02-401C-91E5-7747DBBA8270} = {8890E151-622B-4032-B114-BDE308E57D1A}
		{25C6148C-5BE9-4DC9-9123-5B45E22792DA} = {64133EEA-92B8-4E47-AFD2-87B2045CB306}
		{28D56C2C-1BAF-42E1-8D44-D046F3ED0711} = {25C6148C-5BE9-4DC9-9123-5B45E22792DA}
		{BDA8633B-59C8-4101-BEB0-96E0ADE08C8F} = {25C6148C-5BE9-4DC9-9123-5B45E22792DA}
		{33B2AE7C-7601-4070-9997-D37F6DC9322D} = {64133EEA-92B8-4E47-AFD2-87B2045CB306}
		{42ED0460-BF18-42EA-BD96-C2A3F15E01C4} = {33B2AE7C-7601-4070-9997-D37F6DC9322D}
		{FB4DA725-E01A-45EC-BB1F-958F59497632} = {AB523D86-EB43-4A2A-9ADC-188754DD7D93}
		{4A6FC193-5D0F-4694-9D8B-9AC2BAC70165} = {F6163819-FE40-4A0F-8010-CE96CE5C7199}
		{185E3773-AE9F-4A82-9E87-7FEAB6100757} = {64133EEA-92B8-4E47-AFD2-87B2045CB306}
		{655AEA5A-E23B-49B5-B3C8-9C9E00DBAE5D} = {185E3773-AE9F-4A82-9E87-7FEAB6100757}
		{0C46A87C-F46E-40B3-901F-437838751260} = {AB523D86-EB43-4A2A-9ADC-188754DD7D93}
		{921E1303-9C0B-4202-B440-EB78D88827B4} = {AB523D86-EB43-4A2A-9ADC-188754DD7D93}
	EndGlobalSection
	GlobalSection(ExtensibilityGlobals) = postSolution
		SolutionGuid = {AFB079CA-EFD3-431C-ABD4-BB20C6AE184A}
	EndGlobalSection
EndGlobal
