
Microsoft Visual Studio Solution File, Format Version 12.00
# Visual Studio Version 16
VisualStudioVersion = 16.0.29009.5
MinimumVisualStudioVersion = 10.0.40219.1
Project("{FAE04EC0-301F-11D3-BF4B-00C04F79EFBC}") = "使用类和对象探索面向对象的编程", "NETBasics\使用类和对象探索面向对象的编程\使用类和对象探索面向对象的编程.csproj", "{05B73547-168C-4313-915F-395303F05820}"
EndProject
Project("{2150E333-8FDC-42A3-9474-1A3956D46DE8}") = "NETBasics", "NETBasics", "{AB523D86-EB43-4A2A-9ADC-188754DD7D93}"
EndProject
Project("{2150E333-8FDC-42A3-9474-1A3956D46DE8}") = "WCF", "WCF", "{A0BD6AA4-C84C-4288-8933-C2F984D92D1D}"
EndProject
Project("{2150E333-8FDC-42A3-9474-1A3956D46DE8}") = "HelloWCF", "HelloWCF", "{5A4B2193-C673-4282-8382-D11707AF6305}"
EndProject
Project("{2150E333-8FDC-42A3-9474-1A3956D46DE8}") = "WCFInteractionMode", "WCFInteractionMode", "{64133EEA-92B8-4E47-AFD2-87B2045CB306}"
EndProject
Project("{FAE04EC0-301F-11D3-BF4B-00C04F79EFBC}") = "ServiceWCFClient", "WCF\HelloWCF\ServiceWCFClient\ServiceWCFClient.csproj", "{F94E26E0-C5D6-405F-A992-B035EEE5E8E1}"
EndProject
Project("{FAE04EC0-301F-11D3-BF4B-00C04F79EFBC}") = "ServiceWCFHost", "WCF\HelloWCF\ServiceWCFHost\ServiceWCFHost.csproj", "{ACE44FD9-D508-4F38-A80E-5DECDDC0CEAB}"
EndProject
Project("{FAE04EC0-301F-11D3-BF4B-00C04F79EFBC}") = "ServiceWCFService", "WCF\HelloWCF\ServiceWCFService\ServiceWCFService.csproj", "{6B3B47AE-8147-4860-AE35-8446816FFC7F}"
EndProject
Project("{2150E333-8FDC-42A3-9474-1A3956D46DE8}") = "请求响应", "请求响应", "{8890E151-622B-4032-B114-BDE308E57D1A}"
EndProject
Project("{2150E333-8FDC-42A3-9474-1A3956D46DE8}") = "数据报模式", "数据报模式", "{1D4B77D5-C940-4993-9115-B41F5C154D24}"
EndProject
Project("{FAE04EC0-301F-11D3-BF4B-00C04F79EFBC}") = "Input", "WCF\WCFInteractionMode\数据报模式\Input\Input.csproj", "{0EAC350D-ED25-4AD1-A528-8B8580B3D5E9}"
EndProject
Project("{FAE04EC0-301F-11D3-BF4B-00C04F79EFBC}") = "Output", "WCF\WCFInteractionMode\数据报模式\Output\Output.csproj", "{1A5FB5CA-4F77-4CAE-BE0F-7462FB6D7E27}"
EndProject
Project("{FAE04EC0-301F-11D3-BF4B-00C04F79EFBC}") = "Output", "WCF\WCFInteractionMode\请求响应\Output\Output.csproj", "{9B719E8B-8F02-401C-91E5-7747DBBA8270}"
EndProject
Project("{FAE04EC0-301F-11D3-BF4B-00C04F79EFBC}") = "Input", "WCF\WCFInteractionMode\请求响应\Input\Input.csproj", "{50B2D6DF-B874-4646-8FF9-3E847B8F1A20}"
EndProject
Global
	GlobalSection(SolutionConfigurationPlatforms) = preSolution
		Debug|Any CPU = Debug|Any CPU
		Release|Any CPU = Release|Any CPU
	EndGlobalSection
	GlobalSection(ProjectConfigurationPlatforms) = postSolution
		{05B73547-168C-4313-915F-395303F05820}.Debug|Any CPU.ActiveCfg = Debug|Any CPU
		{05B73547-168C-4313-915F-395303F05820}.Debug|Any CPU.Build.0 = Debug|Any CPU
		{05B73547-168C-4313-915F-395303F05820}.Release|Any CPU.ActiveCfg = Release|Any CPU
		{05B73547-168C-4313-915F-395303F05820}.Release|Any CPU.Build.0 = Release|Any CPU
		{F94E26E0-C5D6-405F-A992-B035EEE5E8E1}.Debug|Any CPU.ActiveCfg = Debug|Any CPU
		{F94E26E0-C5D6-405F-A992-B035EEE5E8E1}.Debug|Any CPU.Build.0 = Debug|Any CPU
		{F94E26E0-C5D6-405F-A992-B035EEE5E8E1}.Release|Any CPU.ActiveCfg = Release|Any CPU
		{F94E26E0-C5D6-405F-A992-B035EEE5E8E1}.Release|Any CPU.Build.0 = Release|Any CPU
		{ACE44FD9-D508-4F38-A80E-5DECDDC0CEAB}.Debug|Any CPU.ActiveCfg = Debug|Any CPU
		{ACE44FD9-D508-4F38-A80E-5DECDDC0CEAB}.Debug|Any CPU.Build.0 = Debug|Any CPU
		{ACE44FD9-D508-4F38-A80E-5DECDDC0CEAB}.Release|Any CPU.ActiveCfg = Release|Any CPU
		{ACE44FD9-D508-4F38-A80E-5DECDDC0CEAB}.Release|Any CPU.Build.0 = Release|Any CPU
		{6B3B47AE-8147-4860-AE35-8446816FFC7F}.Debug|Any CPU.ActiveCfg = Debug|Any CPU
		{6B3B47AE-8147-4860-AE35-8446816FFC7F}.Debug|Any CPU.Build.0 = Debug|Any CPU
		{6B3B47AE-8147-4860-AE35-8446816FFC7F}.Release|Any CPU.ActiveCfg = Release|Any CPU
		{6B3B47AE-8147-4860-AE35-8446816FFC7F}.Release|Any CPU.Build.0 = Release|Any CPU
		{0EAC350D-ED25-4AD1-A528-8B8580B3D5E9}.Debug|Any CPU.ActiveCfg = Debug|Any CPU
		{0EAC350D-ED25-4AD1-A528-8B8580B3D5E9}.Debug|Any CPU.Build.0 = Debug|Any CPU
		{0EAC350D-ED25-4AD1-A528-8B8580B3D5E9}.Release|Any CPU.ActiveCfg = Release|Any CPU
		{0EAC350D-ED25-4AD1-A528-8B8580B3D5E9}.Release|Any CPU.Build.0 = Release|Any CPU
		{1A5FB5CA-4F77-4CAE-BE0F-7462FB6D7E27}.Debug|Any CPU.ActiveCfg = Debug|Any CPU
		{1A5FB5CA-4F77-4CAE-BE0F-7462FB6D7E27}.Debug|Any CPU.Build.0 = Debug|Any CPU
		{1A5FB5CA-4F77-4CAE-BE0F-7462FB6D7E27}.Release|Any CPU.ActiveCfg = Release|Any CPU
		{1A5FB5CA-4F77-4CAE-BE0F-7462FB6D7E27}.Release|Any CPU.Build.0 = Release|Any CPU
		{9B719E8B-8F02-401C-91E5-7747DBBA8270}.Debug|Any CPU.ActiveCfg = Debug|Any CPU
		{9B719E8B-8F02-401C-91E5-7747DBBA8270}.Debug|Any CPU.Build.0 = Debug|Any CPU
		{9B719E8B-8F02-401C-91E5-7747DBBA8270}.Release|Any CPU.ActiveCfg = Release|Any CPU
		{9B719E8B-8F02-401C-91E5-7747DBBA8270}.Release|Any CPU.Build.0 = Release|Any CPU
		{50B2D6DF-B874-4646-8FF9-3E847B8F1A20}.Debug|Any CPU.ActiveCfg = Debug|Any CPU
		{50B2D6DF-B874-4646-8FF9-3E847B8F1A20}.Debug|Any CPU.Build.0 = Debug|Any CPU
		{50B2D6DF-B874-4646-8FF9-3E847B8F1A20}.Release|Any CPU.ActiveCfg = Release|Any CPU
		{50B2D6DF-B874-4646-8FF9-3E847B8F1A20}.Release|Any CPU.Build.0 = Release|Any CPU
	EndGlobalSection
	GlobalSection(SolutionProperties) = preSolution
		HideSolutionNode = FALSE
	EndGlobalSection
	GlobalSection(NestedProjects) = preSolution
		{05B73547-168C-4313-915F-395303F05820} = {AB523D86-EB43-4A2A-9ADC-188754DD7D93}
		{5A4B2193-C673-4282-8382-D11707AF6305} = {A0BD6AA4-C84C-4288-8933-C2F984D92D1D}
		{64133EEA-92B8-4E47-AFD2-87B2045CB306} = {A0BD6AA4-C84C-4288-8933-C2F984D92D1D}
		{F94E26E0-C5D6-405F-A992-B035EEE5E8E1} = {5A4B2193-C673-4282-8382-D11707AF6305}
		{ACE44FD9-D508-4F38-A80E-5DECDDC0CEAB} = {5A4B2193-C673-4282-8382-D11707AF6305}
		{6B3B47AE-8147-4860-AE35-8446816FFC7F} = {5A4B2193-C673-4282-8382-D11707AF6305}
		{8890E151-622B-4032-B114-BDE308E57D1A} = {64133EEA-92B8-4E47-AFD2-87B2045CB306}
		{1D4B77D5-C940-4993-9115-B41F5C154D24} = {64133EEA-92B8-4E47-AFD2-87B2045CB306}
		{0EAC350D-ED25-4AD1-A528-8B8580B3D5E9} = {1D4B77D5-C940-4993-9115-B41F5C154D24}
		{1A5FB5CA-4F77-4CAE-BE0F-7462FB6D7E27} = {1D4B77D5-C940-4993-9115-B41F5C154D24}
		{9B719E8B-8F02-401C-91E5-7747DBBA8270} = {8890E151-622B-4032-B114-BDE308E57D1A}
		{50B2D6DF-B874-4646-8FF9-3E847B8F1A20} = {8890E151-622B-4032-B114-BDE308E57D1A}
	EndGlobalSection
	GlobalSection(ExtensibilityGlobals) = postSolution
		SolutionGuid = {AFB079CA-EFD3-431C-ABD4-BB20C6AE184A}
	EndGlobalSection
EndGlobal
